
Microsoft Visual Studio Solution File, Format Version 12.00
# Visual Studio Version 17
VisualStudioVersion = 17.0.31903.59
MinimumVisualStudioVersion = 10.0.40219.1
Project("{FAE04EC0-301F-11D3-BF4B-00C04F79EFBC}") = "AttaLog.Api", "AttaLog.Api\AttaLog.Api.csproj", "{FB3661BA-3CD1-47AA-8363-088977AE3998}"
EndProject
Project("{FAE04EC0-301F-11D3-BF4B-00C04F79EFBC}") = "AttaLog.Application", "AttaLog.Application\AttaLog.Application.csproj", "{BC026B7E-A2E2-4F6C-A6A9-F3AE8AB543A7}"
EndProject
Project("{FAE04EC0-301F-11D3-BF4B-00C04F79EFBC}") = "AttaLog.Domain", "AttaLog.Domain\AttaLog.Domain.csproj", "{F5DD4010-8C1D-4029-B111-BBE8D971EF3F}"
EndProject
Project("{FAE04EC0-301F-11D3-BF4B-00C04F79EFBC}") = "AttaLog.Infrastructure", "AttaLog.Infrastructure\AttaLog.Infrastructure.csproj", "{E9D7ACDB-9028-4219-ACAE-CFCBE9AE35C3}"
EndProject
Project("{FAE04EC0-301F-11D3-BF4B-00C04F79EFBC}") = "AttaLog.Worker", "AttaLog.Worker\AttaLog.Worker.csproj", "{288C81C6-0079-424D-B2D8-647A599A3E58}"
EndProject
Project("{FAE04EC0-301F-11D3-BF4B-00C04F79EFBC}") = "AttaLog.Tests.Unit", "AttaLog.Tests.Unit\AttaLog.Tests.Unit.csproj", "{C0BE0C7C-BA38-4108-A2DF-0F018D3A2694}"
EndProject
Project("{FAE04EC0-301F-11D3-BF4B-00C04F79EFBC}") = "AttaLog.Tests.Integration", "AttaLog.Tests.Integration\AttaLog.Tests.Integration.csproj", "{4DD7756C-836B-4AB6-AF20-04F94AA3341E}"
EndProject
Global
	GlobalSection(SolutionConfigurationPlatforms) = preSolution
		Debug|Any CPU = Debug|Any CPU
		Debug|x64 = Debug|x64
		Debug|x86 = Debug|x86
		Release|Any CPU = Release|Any CPU
		Release|x64 = Release|x64
		Release|x86 = Release|x86
	EndGlobalSection
	GlobalSection(ProjectConfigurationPlatforms) = postSolution
		{FB3661BA-3CD1-47AA-8363-088977AE3998}.Debug|Any CPU.ActiveCfg = Debug|Any CPU
		{FB3661BA-3CD1-47AA-8363-088977AE3998}.Debug|Any CPU.Build.0 = Debug|Any CPU
		{FB3661BA-3CD1-47AA-8363-088977AE3998}.Debug|x64.ActiveCfg = Debug|Any CPU
		{FB3661BA-3CD1-47AA-8363-088977AE3998}.Debug|x64.Build.0 = Debug|Any CPU
		{FB3661BA-3CD1-47AA-8363-088977AE3998}.Debug|x86.ActiveCfg = Debug|Any CPU
		{FB3661BA-3CD1-47AA-8363-088977AE3998}.Debug|x86.Build.0 = Debug|Any CPU
		{FB3661BA-3CD1-47AA-8363-088977AE3998}.Release|Any CPU.ActiveCfg = Release|Any CPU
		{FB3661BA-3CD1-47AA-8363-088977AE3998}.Release|Any CPU.Build.0 = Release|Any CPU
		{FB3661BA-3CD1-47AA-8363-088977AE3998}.Release|x64.ActiveCfg = Release|Any CPU
		{FB3661BA-3CD1-47AA-8363-088977AE3998}.Release|x64.Build.0 = Release|Any CPU
		{FB3661BA-3CD1-47AA-8363-088977AE3998}.Release|x86.ActiveCfg = Release|Any CPU
		{FB3661BA-3CD1-47AA-8363-088977AE3998}.Release|x86.Build.0 = Release|Any CPU
		{BC026B7E-A2E2-4F6C-A6A9-F3AE8AB543A7}.Debug|Any CPU.ActiveCfg = Debug|Any CPU
		{BC026B7E-A2E2-4F6C-A6A9-F3AE8AB543A7}.Debug|Any CPU.Build.0 = Debug|Any CPU
		{BC026B7E-A2E2-4F6C-A6A9-F3AE8AB543A7}.Debug|x64.ActiveCfg = Debug|Any CPU
		{BC026B7E-A2E2-4F6C-A6A9-F3AE8AB543A7}.Debug|x64.Build.0 = Debug|Any CPU
		{BC026B7E-A2E2-4F6C-A6A9-F3AE8AB543A7}.Debug|x86.ActiveCfg = Debug|Any CPU
		{BC026B7E-A2E2-4F6C-A6A9-F3AE8AB543A7}.Debug|x86.Build.0 = Debug|Any CPU
		{BC026B7E-A2E2-4F6C-A6A9-F3AE8AB543A7}.Release|Any CPU.ActiveCfg = Release|Any CPU
		{BC026B7E-A2E2-4F6C-A6A9-F3AE8AB543A7}.Release|Any CPU.Build.0 = Release|Any CPU
		{BC026B7E-A2E2-4F6C-A6A9-F3AE8AB543A7}.Release|x64.ActiveCfg = Release|Any CPU
		{BC026B7E-A2E2-4F6C-A6A9-F3AE8AB543A7}.Release|x64.Build.0 = Release|Any CPU
		{BC026B7E-A2E2-4F6C-A6A9-F3AE8AB543A7}.Release|x86.ActiveCfg = Release|Any CPU
		{BC026B7E-A2E2-4F6C-A6A9-F3AE8AB543A7}.Release|x86.Build.0 = Release|Any CPU
		{F5DD4010-8C1D-4029-B111-BBE8D971EF3F}.Debug|Any CPU.ActiveCfg = Debug|Any CPU
		{F5DD4010-8C1D-4029-B111-BBE8D971EF3F}.Debug|Any CPU.Build.0 = Debug|Any CPU
		{F5DD4010-8C1D-4029-B111-BBE8D971EF3F}.Debug|x64.ActiveCfg = Debug|Any CPU
		{F5DD4010-8C1D-4029-B111-BBE8D971EF3F}.Debug|x64.Build.0 = Debug|Any CPU
		{F5DD4010-8C1D-4029-B111-BBE8D971EF3F}.Debug|x86.ActiveCfg = Debug|Any CPU
		{F5DD4010-8C1D-4029-B111-BBE8D971EF3F}.Debug|x86.Build.0 = Debug|Any CPU
		{F5DD4010-8C1D-4029-B111-BBE8D971EF3F}.Release|Any CPU.ActiveCfg = Release|Any CPU
		{F5DD4010-8C1D-4029-B111-BBE8D971EF3F}.Release|Any CPU.Build.0 = Release|Any CPU
		{F5DD4010-8C1D-4029-B111-BBE8D971EF3F}.Release|x64.ActiveCfg = Release|Any CPU
		{F5DD4010-8C1D-4029-B111-BBE8D971EF3F}.Release|x64.Build.0 = Release|Any CPU
		{F5DD4010-8C1D-4029-B111-BBE8D971EF3F}.Release|x86.ActiveCfg = Release|Any CPU
		{F5DD4010-8C1D-4029-B111-BBE8D971EF3F}.Release|x86.Build.0 = Release|Any CPU
		{E9D7ACDB-9028-4219-ACAE-CFCBE9AE35C3}.Debug|Any CPU.ActiveCfg = Debug|Any CPU
		{E9D7ACDB-9028-4219-ACAE-CFCBE9AE35C3}.Debug|Any CPU.Build.0 = Debug|Any CPU
		{E9D7ACDB-9028-4219-ACAE-CFCBE9AE35C3}.Debug|x64.ActiveCfg = Debug|Any CPU
		{E9D7ACDB-9028-4219-ACAE-CFCBE9AE35C3}.Debug|x64.Build.0 = Debug|Any CPU
		{E9D7ACDB-9028-4219-ACAE-CFCBE9AE35C3}.Debug|x86.ActiveCfg = Debug|Any CPU
		{E9D7ACDB-9028-4219-ACAE-CFCBE9AE35C3}.Debug|x86.Build.0 = Debug|Any CPU
		{E9D7ACDB-9028-4219-ACAE-CFCBE9AE35C3}.Release|Any CPU.ActiveCfg = Release|Any CPU
		{E9D7ACDB-9028-4219-ACAE-CFCBE9AE35C3}.Release|Any CPU.Build.0 = Release|Any CPU
		{E9D7ACDB-9028-4219-ACAE-CFCBE9AE35C3}.Release|x64.ActiveCfg = Release|Any CPU
		{E9D7ACDB-9028-4219-ACAE-CFCBE9AE35C3}.Release|x64.Build.0 = Release|Any CPU
		{E9D7ACDB-9028-4219-ACAE-CFCBE9AE35C3}.Release|x86.ActiveCfg = Release|Any CPU
		{E9D7ACDB-9028-4219-ACAE-CFCBE9AE35C3}.Release|x86.Build.0 = Release|Any CPU
		{288C81C6-0079-424D-B2D8-647A599A3E58}.Debug|Any CPU.ActiveCfg = Debug|Any CPU
		{288C81C6-0079-424D-B2D8-647A599A3E58}.Debug|Any CPU.Build.0 = Debug|Any CPU
		{288C81C6-0079-424D-B2D8-647A599A3E58}.Debug|x64.ActiveCfg = Debug|Any CPU
		{288C81C6-0079-424D-B2D8-647A599A3E58}.Debug|x64.Build.0 = Debug|Any CPU
		{288C81C6-0079-424D-B2D8-647A599A3E58}.Debug|x86.ActiveCfg = Debug|Any CPU
		{288C81C6-0079-424D-B2D8-647A599A3E58}.Debug|x86.Build.0 = Debug|Any CPU
		{288C81C6-0079-424D-B2D8-647A599A3E58}.Release|Any CPU.ActiveCfg = Release|Any CPU
		{288C81C6-0079-424D-B2D8-647A599A3E58}.Release|Any CPU.Build.0 = Release|Any CPU
		{288C81C6-0079-424D-B2D8-647A599A3E58}.Release|x64.ActiveCfg = Release|Any CPU
		{288C81C6-0079-424D-B2D8-647A599A3E58}.Release|x64.Build.0 = Release|Any CPU
		{288C81C6-0079-424D-B2D8-647A599A3E58}.Release|x86.ActiveCfg = Release|Any CPU
		{288C81C6-0079-424D-B2D8-647A599A3E58}.Release|x86.Build.0 = Release|Any CPU
		{C0BE0C7C-BA38-4108-A2DF-0F018D3A2694}.Debug|Any CPU.ActiveCfg = Debug|Any CPU
		{C0BE0C7C-BA38-4108-A2DF-0F018D3A2694}.Debug|Any CPU.Build.0 = Debug|Any CPU
		{C0BE0C7C-BA38-4108-A2DF-0F018D3A2694}.Debug|x64.ActiveCfg = Debug|Any CPU
		{C0BE0C7C-BA38-4108-A2DF-0F018D3A2694}.Debug|x64.Build.0 = Debug|Any CPU
		{C0BE0C7C-BA38-4108-A2DF-0F018D3A2694}.Debug|x86.ActiveCfg = Debug|Any CPU
		{C0BE0C7C-BA38-4108-A2DF-0F018D3A2694}.Debug|x86.Build.0 = Debug|Any CPU
		{C0BE0C7C-BA38-4108-A2DF-0F018D3A2694}.Release|Any CPU.ActiveCfg = Release|Any CPU
		{C0BE0C7C-BA38-4108-A2DF-0F018D3A2694}.Release|Any CPU.Build.0 = Release|Any CPU
		{C0BE0C7C-BA38-4108-A2DF-0F018D3A2694}.Release|x64.ActiveCfg = Release|Any CPU
		{C0BE0C7C-BA38-4108-A2DF-0F018D3A2694}.Release|x64.Build.0 = Release|Any CPU
		{C0BE0C7C-BA38-4108-A2DF-0F018D3A2694}.Release|x86.ActiveCfg = Release|Any CPU
		{C0BE0C7C-BA38-4108-A2DF-0F018D3A2694}.Release|x86.Build.0 = Release|Any CPU
		{4DD7756C-836B-4AB6-AF20-04F94AA3341E}.Debug|Any CPU.ActiveCfg = Debug|Any CPU
		{4DD7756C-836B-4AB6-AF20-04F94AA3341E}.Debug|Any CPU.Build.0 = Debug|Any CPU
		{4DD7756C-836B-4AB6-AF20-04F94AA3341E}.Debug|x64.ActiveCfg = Debug|Any CPU
		{4DD7756C-836B-4AB6-AF20-04F94AA3341E}.Debug|x64.Build.0 = Debug|Any CPU
		{4DD7756C-836B-4AB6-AF20-04F94AA3341E}.Debug|x86.ActiveCfg = Debug|Any CPU
		{4DD7756C-836B-4AB6-AF20-04F94AA3341E}.Debug|x86.Build.0 = Debug|Any CPU
		{4DD7756C-836B-4AB6-AF20-04F94AA3341E}.Release|Any CPU.ActiveCfg = Release|Any CPU
		{4DD7756C-836B-4AB6-AF20-04F94AA3341E}.Release|Any CPU.Build.0 = Release|Any CPU
		{4DD7756C-836B-4AB6-AF20-04F94AA3341E}.Release|x64.ActiveCfg = Release|Any CPU
		{4DD7756C-836B-4AB6-AF20-04F94AA3341E}.Release|x64.Build.0 = Release|Any CPU
		{4DD7756C-836B-4AB6-AF20-04F94AA3341E}.Release|x86.ActiveCfg = Release|Any CPU
		{4DD7756C-836B-4AB6-AF20-04F94AA3341E}.Release|x86.Build.0 = Release|Any CPU
	EndGlobalSection
	GlobalSection(SolutionProperties) = preSolution
		HideSolutionNode = FALSE
	EndGlobalSection
	GlobalSection(ExtensibilityGlobals) = postSolution
		SolutionGuid = {717766FA-97FF-48F9-B616-9BC70667AA0D}
	EndGlobalSection
EndGlobal
