
Microsoft Visual Studio Solution File, Format Version 12.00
# Visual Studio Version 17
VisualStudioVersion = 17.0.31903.59
MinimumVisualStudioVersion = 10.0.40219.1
Project("{2150E333-8FDC-42A3-9474-1A3956D46DE8}") = "src", "src", "{827E0CD3-B72D-47B6-A68D-7590B98EB39B}"
EndProject
Project("{FAE04EC0-301F-11D3-BF4B-00C04F79EFBC}") = "AttaLog.Api", "src\AttaLog.Api\AttaLog.Api.csproj", "{856FC3A6-9187-455D-B0A8-7CEF0F01BEB2}"
EndProject
Project("{FAE04EC0-301F-11D3-BF4B-00C04F79EFBC}") = "AttaLog.Application", "src\AttaLog.Application\AttaLog.Application.csproj", "{17C306DC-C1A9-4DB2-B4D2-2AAFD9334743}"
EndProject
Project("{FAE04EC0-301F-11D3-BF4B-00C04F79EFBC}") = "AttaLog.Domain", "src\AttaLog.Domain\AttaLog.Domain.csproj", "{5120A155-E552-4116-A320-E18E4BFAF3C0}"
EndProject
Project("{FAE04EC0-301F-11D3-BF4B-00C04F79EFBC}") = "AttaLog.Infrastructure", "src\AttaLog.Infrastructure\AttaLog.Infrastructure.csproj", "{F10994E8-5D77-46E0-B485-0D392241B940}"
EndProject
Project("{FAE04EC0-301F-11D3-BF4B-00C04F79EFBC}") = "AttaLog.Worker", "src\AttaLog.Worker\AttaLog.Worker.csproj", "{CD791C32-ABE7-40D8-B3B1-7C92CD20D722}"
EndProject
Project("{2150E333-8FDC-42A3-9474-1A3956D46DE8}") = "tests", "tests", "{0AB3BF05-4346-4AA6-1389-037BE0695223}"
EndProject
Project("{FAE04EC0-301F-11D3-BF4B-00C04F79EFBC}") = "AttaLog.Tests.Unit", "tests\AttaLog.Tests.Unit\AttaLog.Tests.Unit.csproj", "{0CA37505-6F33-43B2-8B53-DB512475EAEE}"
EndProject
Project("{FAE04EC0-301F-11D3-BF4B-00C04F79EFBC}") = "AttaLog.Tests.Integration", "tests\AttaLog.Tests.Integration\AttaLog.Tests.Integration.csproj", "{85ED0EE0-8B9D-4663-8982-061D935220F2}"
EndProject
Global
	GlobalSection(SolutionConfigurationPlatforms) = preSolution
		Debug|Any CPU = Debug|Any CPU
		Debug|x64 = Debug|x64
		Debug|x86 = Debug|x86
		Release|Any CPU = Release|Any CPU
		Release|x64 = Release|x64
		Release|x86 = Release|x86
	EndGlobalSection
	GlobalSection(ProjectConfigurationPlatforms) = postSolution
		{856FC3A6-9187-455D-B0A8-7CEF0F01BEB2}.Debug|Any CPU.ActiveCfg = Debug|Any CPU
		{856FC3A6-9187-455D-B0A8-7CEF0F01BEB2}.Debug|Any CPU.Build.0 = Debug|Any CPU
		{856FC3A6-9187-455D-B0A8-7CEF0F01BEB2}.Debug|x64.ActiveCfg = Debug|Any CPU
		{856FC3A6-9187-455D-B0A8-7CEF0F01BEB2}.Debug|x64.Build.0 = Debug|Any CPU
		{856FC3A6-9187-455D-B0A8-7CEF0F01BEB2}.Debug|x86.ActiveCfg = Debug|Any CPU
		{856FC3A6-9187-455D-B0A8-7CEF0F01BEB2}.Debug|x86.Build.0 = Debug|Any CPU
		{856FC3A6-9187-455D-B0A8-7CEF0F01BEB2}.Release|Any CPU.ActiveCfg = Release|Any CPU
		{856FC3A6-9187-455D-B0A8-7CEF0F01BEB2}.Release|Any CPU.Build.0 = Release|Any CPU
		{856FC3A6-9187-455D-B0A8-7CEF0F01BEB2}.Release|x64.ActiveCfg = Release|Any CPU
		{856FC3A6-9187-455D-B0A8-7CEF0F01BEB2}.Release|x64.Build.0 = Release|Any CPU
		{856FC3A6-9187-455D-B0A8-7CEF0F01BEB2}.Release|x86.ActiveCfg = Release|Any CPU
		{856FC3A6-9187-455D-B0A8-7CEF0F01BEB2}.Release|x86.Build.0 = Release|Any CPU
		{17C306DC-C1A9-4DB2-B4D2-2AAFD9334743}.Debug|Any CPU.ActiveCfg = Debug|Any CPU
		{17C306DC-C1A9-4DB2-B4D2-2AAFD9334743}.Debug|Any CPU.Build.0 = Debug|Any CPU
		{17C306DC-C1A9-4DB2-B4D2-2AAFD9334743}.Debug|x64.ActiveCfg = Debug|Any CPU
		{17C306DC-C1A9-4DB2-B4D2-2AAFD9334743}.Debug|x64.Build.0 = Debug|Any CPU
		{17C306DC-C1A9-4DB2-B4D2-2AAFD9334743}.Debug|x86.ActiveCfg = Debug|Any CPU
		{17C306DC-C1A9-4DB2-B4D2-2AAFD9334743}.Debug|x86.Build.0 = Debug|Any CPU
		{17C306DC-C1A9-4DB2-B4D2-2AAFD9334743}.Release|Any CPU.ActiveCfg = Release|Any CPU
		{17C306DC-C1A9-4DB2-B4D2-2AAFD9334743}.Release|Any CPU.Build.0 = Release|Any CPU
		{17C306DC-C1A9-4DB2-B4D2-2AAFD9334743}.Release|x64.ActiveCfg = Release|Any CPU
		{17C306DC-C1A9-4DB2-B4D2-2AAFD9334743}.Release|x64.Build.0 = Release|Any CPU
		{17C306DC-C1A9-4DB2-B4D2-2AAFD9334743}.Release|x86.ActiveCfg = Release|Any CPU
		{17C306DC-C1A9-4DB2-B4D2-2AAFD9334743}.Release|x86.Build.0 = Release|Any CPU
		{5120A155-E552-4116-A320-E18E4BFAF3C0}.Debug|Any CPU.ActiveCfg = Debug|Any CPU
		{5120A155-E552-4116-A320-E18E4BFAF3C0}.Debug|Any CPU.Build.0 = Debug|Any CPU
		{5120A155-E552-4116-A320-E18E4BFAF3C0}.Debug|x64.ActiveCfg = Debug|Any CPU
		{5120A155-E552-4116-A320-E18E4BFAF3C0}.Debug|x64.Build.0 = Debug|Any CPU
		{5120A155-E552-4116-A320-E18E4BFAF3C0}.Debug|x86.ActiveCfg = Debug|Any CPU
		{5120A155-E552-4116-A320-E18E4BFAF3C0}.Debug|x86.Build.0 = Debug|Any CPU
		{5120A155-E552-4116-A320-E18E4BFAF3C0}.Release|Any CPU.ActiveCfg = Release|Any CPU
		{5120A155-E552-4116-A320-E18E4BFAF3C0}.Release|Any CPU.Build.0 = Release|Any CPU
		{5120A155-E552-4116-A320-E18E4BFAF3C0}.Release|x64.ActiveCfg = Release|Any CPU
		{5120A155-E552-4116-A320-E18E4BFAF3C0}.Release|x64.Build.0 = Release|Any CPU
		{5120A155-E552-4116-A320-E18E4BFAF3C0}.Release|x86.ActiveCfg = Release|Any CPU
		{5120A155-E552-4116-A320-E18E4BFAF3C0}.Release|x86.Build.0 = Release|Any CPU
		{F10994E8-5D77-46E0-B485-0D392241B940}.Debug|Any CPU.ActiveCfg = Debug|Any CPU
		{F10994E8-5D77-46E0-B485-0D392241B940}.Debug|Any CPU.Build.0 = Debug|Any CPU
		{F10994E8-5D77-46E0-B485-0D392241B940}.Debug|x64.ActiveCfg = Debug|Any CPU
		{F10994E8-5D77-46E0-B485-0D392241B940}.Debug|x64.Build.0 = Debug|Any CPU
		{F10994E8-5D77-46E0-B485-0D392241B940}.Debug|x86.ActiveCfg = Debug|Any CPU
		{F10994E8-5D77-46E0-B485-0D392241B940}.Debug|x86.Build.0 = Debug|Any CPU
		{F10994E8-5D77-46E0-B485-0D392241B940}.Release|Any CPU.ActiveCfg = Release|Any CPU
		{F10994E8-5D77-46E0-B485-0D392241B940}.Release|Any CPU.Build.0 = Release|Any CPU
		{F10994E8-5D77-46E0-B485-0D392241B940}.Release|x64.ActiveCfg = Release|Any CPU
		{F10994E8-5D77-46E0-B485-0D392241B940}.Release|x64.Build.0 = Release|Any CPU
		{F10994E8-5D77-46E0-B485-0D392241B940}.Release|x86.ActiveCfg = Release|Any CPU
		{F10994E8-5D77-46E0-B485-0D392241B940}.Release|x86.Build.0 = Release|Any CPU
		{CD791C32-ABE7-40D8-B3B1-7C92CD20D722}.Debug|Any CPU.ActiveCfg = Debug|Any CPU
		{CD791C32-ABE7-40D8-B3B1-7C92CD20D722}.Debug|Any CPU.Build.0 = Debug|Any CPU
		{CD791C32-ABE7-40D8-B3B1-7C92CD20D722}.Debug|x64.ActiveCfg = Debug|Any CPU
		{CD791C32-ABE7-40D8-B3B1-7C92CD20D722}.Debug|x64.Build.0 = Debug|Any CPU
		{CD791C32-ABE7-40D8-B3B1-7C92CD20D722}.Debug|x86.ActiveCfg = Debug|Any CPU
		{CD791C32-ABE7-40D8-B3B1-7C92CD20D722}.Debug|x86.Build.0 = Debug|Any CPU
		{CD791C32-ABE7-40D8-B3B1-7C92CD20D722}.Release|Any CPU.ActiveCfg = Release|Any CPU
		{CD791C32-ABE7-40D8-B3B1-7C92CD20D722}.Release|Any CPU.Build.0 = Release|Any CPU
		{CD791C32-ABE7-40D8-B3B1-7C92CD20D722}.Release|x64.ActiveCfg = Release|Any CPU
		{CD791C32-ABE7-40D8-B3B1-7C92CD20D722}.Release|x64.Build.0 = Release|Any CPU
		{CD791C32-ABE7-40D8-B3B1-7C92CD20D722}.Release|x86.ActiveCfg = Release|Any CPU
		{CD791C32-ABE7-40D8-B3B1-7C92CD20D722}.Release|x86.Build.0 = Release|Any CPU
		{0CA37505-6F33-43B2-8B53-DB512475EAEE}.Debug|Any CPU.ActiveCfg = Debug|Any CPU
		{0CA37505-6F33-43B2-8B53-DB512475EAEE}.Debug|Any CPU.Build.0 = Debug|Any CPU
		{0CA37505-6F33-43B2-8B53-DB512475EAEE}.Debug|x64.ActiveCfg = Debug|Any CPU
		{0CA37505-6F33-43B2-8B53-DB512475EAEE}.Debug|x64.Build.0 = Debug|Any CPU
		{0CA37505-6F33-43B2-8B53-DB512475EAEE}.Debug|x86.ActiveCfg = Debug|Any CPU
		{0CA37505-6F33-43B2-8B53-DB512475EAEE}.Debug|x86.Build.0 = Debug|Any CPU
		{0CA37505-6F33-43B2-8B53-DB512475EAEE}.Release|Any CPU.ActiveCfg = Release|Any CPU
		{0CA37505-6F33-43B2-8B53-DB512475EAEE}.Release|Any CPU.Build.0 = Release|Any CPU
		{0CA37505-6F33-43B2-8B53-DB512475EAEE}.Release|x64.ActiveCfg = Release|Any CPU
		{0CA37505-6F33-43B2-8B53-DB512475EAEE}.Release|x64.Build.0 = Release|Any CPU
		{0CA37505-6F33-43B2-8B53-DB512475EAEE}.Release|x86.ActiveCfg = Release|Any CPU
		{0CA37505-6F33-43B2-8B53-DB512475EAEE}.Release|x86.Build.0 = Release|Any CPU
		{85ED0EE0-8B9D-4663-8982-061D935220F2}.Debug|Any CPU.ActiveCfg = Debug|Any CPU
		{85ED0EE0-8B9D-4663-8982-061D935220F2}.Debug|Any CPU.Build.0 = Debug|Any CPU
		{85ED0EE0-8B9D-4663-8982-061D935220F2}.Debug|x64.ActiveCfg = Debug|Any CPU
		{85ED0EE0-8B9D-4663-8982-061D935220F2}.Debug|x64.Build.0 = Debug|Any CPU
		{85ED0EE0-8B9D-4663-8982-061D935220F2}.Debug|x86.ActiveCfg = Debug|Any CPU
		{85ED0EE0-8B9D-4663-8982-061D935220F2}.Debug|x86.Build.0 = Debug|Any CPU
		{85ED0EE0-8B9D-4663-8982-061D935220F2}.Release|Any CPU.ActiveCfg = Release|Any CPU
		{85ED0EE0-8B9D-4663-8982-061D935220F2}.Release|Any CPU.Build.0 = Release|Any CPU
		{85ED0EE0-8B9D-4663-8982-061D935220F2}.Release|x64.ActiveCfg = Release|Any CPU
		{85ED0EE0-8B9D-4663-8982-061D935220F2}.Release|x64.Build.0 = Release|Any CPU
		{85ED0EE0-8B9D-4663-8982-061D935220F2}.Release|x86.ActiveCfg = Release|Any CPU
		{85ED0EE0-8B9D-4663-8982-061D935220F2}.Release|x86.Build.0 = Release|Any CPU
	EndGlobalSection
	GlobalSection(SolutionProperties) = preSolution
		HideSolutionNode = FALSE
	EndGlobalSection
	GlobalSection(NestedProjects) = preSolution
		{856FC3A6-9187-455D-B0A8-7CEF0F01BEB2} = {827E0CD3-B72D-47B6-A68D-7590B98EB39B}
		{17C306DC-C1A9-4DB2-B4D2-2AAFD9334743} = {827E0CD3-B72D-47B6-A68D-7590B98EB39B}
		{5120A155-E552-4116-A320-E18E4BFAF3C0} = {827E0CD3-B72D-47B6-A68D-7590B98EB39B}
		{F10994E8-5D77-46E0-B485-0D392241B940} = {827E0CD3-B72D-47B6-A68D-7590B98EB39B}
		{CD791C32-ABE7-40D8-B3B1-7C92CD20D722} = {827E0CD3-B72D-47B6-A68D-7590B98EB39B}
		{0CA37505-6F33-43B2-8B53-DB512475EAEE} = {0AB3BF05-4346-4AA6-1389-037BE0695223}
		{85ED0EE0-8B9D-4663-8982-061D935220F2} = {0AB3BF05-4346-4AA6-1389-037BE0695223}
	EndGlobalSection
EndGlobal
